# THIS IS AN AUTOGENERATED FILE. DO NOT EDIT THIS FILE DIRECTLY.
# yarn lockfile v1


bootstrap@^3.3.7:
  version "3.3.7"
  resolved "https://registry.yarnpkg.com/bootstrap/-/bootstrap-3.3.7.tgz#5a389394549f23330875a3b150656574f8a9eb71"

crossroads@^0.12.2:
  version "0.12.2"
  resolved "https://registry.yarnpkg.com/crossroads/-/crossroads-0.12.2.tgz#b1d5f9c1d98af3bdd61f1bda6a86dd1aee4ff8f2"
  dependencies:
    signals "<2.0"

hasher@^1.2.0:
  version "1.2.0"
  resolved "https://registry.yarnpkg.com/hasher/-/hasher-1.2.0.tgz#8b5341c3496124b0724ac8555fbb8ca363ebbb73"
  dependencies:
    signals ">0.7 <2.0"

jquery@^3.2.1:
  version "3.2.1"
  resolved "https://registry.yarnpkg.com/jquery/-/jquery-3.2.1.tgz#5c4d9de652af6cd0a770154a631bba12b015c787"

js-cookies@^1.0.4:
  version "1.0.4"
  resolved "https://registry.yarnpkg.com/js-cookies/-/js-cookies-1.0.4.tgz#d46e576c420ff6d5542c0f52b6d4ef7d637e754e"

knockout-validation@^0.1.1:
  version "0.1.1"
  resolved "https://registry.yarnpkg.com/knockout-validation/-/knockout-validation-0.1.1.tgz#219775f9f97b6f9036a3d65717fbda8d7a125552"

knockout.mapping@^2.4.3:
  version "2.4.3"
  resolved "https://registry.yarnpkg.com/knockout.mapping/-/knockout.mapping-2.4.3.tgz#c9009bf26b2b89b6b7bb7968421d895c563b157b"
  dependencies:
    knockout "^3.1.0"

knockout.validation@^2.0.3:
  version "2.0.3"
  resolved "https://registry.yarnpkg.com/knockout.validation/-/knockout.validation-2.0.3.tgz#899de5232364e1ecd5d946e080f6a26293046329"

knockout@^3.1.0, knockout@^3.4.2:
  version "3.4.2"
  resolved "https://registry.yarnpkg.com/knockout/-/knockout-3.4.2.tgz#e87958de77ad1e936f7ce645bab8b5d7c456d937"

requirejs@^2.3.3:
  version "2.3.3"
  resolved "https://registry.yarnpkg.com/requirejs/-/requirejs-2.3.3.tgz#aa59fd3a0287eaf407959a138228044b5dd6a6a3"

signals@<2.0, "signals@>0.7 <2.0":
  version "1.0.0"
  resolved "https://registry.yarnpkg.com/signals/-/signals-1.0.0.tgz#65f0c1599352b35372ecaae5a250e6107376ed69"

text@requirejs/text:
  version "2.0.15"
  resolved "https://codeload.github.com/requirejs/text/tar.gz/d04de4ffd7bf5ba6cb80cdca2d40d4f6f52a1b1f"
